{
  "name": "destinations-report",
  "version": "1.0.0",
  "lockfileVersion": 2,
  "requires": true,
  "packages": {
    "": {
      "name": "destinations-report",
      "version": "1.0.0",
      "dependencies": {
        "chart.js": "^4.0.1",
        "chartjs-plugin-datalabels": "^2.1.0"
      }
    },
    "node_modules/chart.js": {
      "version": "4.0.1",
      "resolved": "https://registry.npmjs.org/chart.js/-/chart.js-4.0.1.tgz",
      "integrity": "sha512-5/8/9eBivwBZK81mKvmIwTb2Pmw4D/5h1RK9fBWZLLZ8mCJ+kfYNmV9rMrGoa5Hgy2/wVDBMLSUDudul2/9ihA==",
      "engines": {
        "pnpm": "^7.0.0"
      }
    },
    "node_modules/chartjs-plugin-datalabels": {
      "version": "2.1.0",
      "resolved": "https://registry.npmjs.org/chartjs-plugin-datalabels/-/chartjs-plugin-datalabels-2.1.0.tgz",
      "integrity": "sha512-WA6R4saSlY6mnyX78SkbSo2gGc+cj87lFi5zBrsjjYxE76JgXyxHa1OTodVCzRPoqeYJqSEOffeJ/897kRHR6w==",
      "peerDependencies": {
        "chart.js": "^3.0.0"
      }
    }
  },
  "dependencies": {
    "chart.js": {
      "version": "4.0.1",
      "resolved": "https://registry.npmjs.org/chart.js/-/chart.js-4.0.1.tgz",
      "integrity": "sha512-5/8/9eBivwBZK81mKvmIwTb2Pmw4D/5h1RK9fBWZLLZ8mCJ+kfYNmV9rMrGoa5Hgy2/wVDBMLSUDudul2/9ihA=="
    },
    "chartjs-plugin-datalabels": {
      "version": "2.1.0",
      "resolved": "https://registry.npmjs.org/chartjs-plugin-datalabels/-/chartjs-plugin-datalabels-2.1.0.tgz",
      "integrity": "sha512-WA6R4saSlY6mnyX78SkbSo2gGc+cj87lFi5zBrsjjYxE76JgXyxHa1OTodVCzRPoqeYJqSEOffeJ/897kRHR6w==",
      "requires": {}
    }
  }
}
