{
  "name": "destinations-report",
  "version": "1.0.0",
  "lockfileVersion": 2,
  "requires": true,
  "packages": {
    "": {
      "name": "destinations-report",
      "version": "1.0.0",
      "dependencies": {
        "chart.js": "^4.0.1",
        "zingchart": "^2.9.10"
      }
    },
    "node_modules/chart.js": {
      "version": "4.0.1",
      "resolved": "https://registry.npmjs.org/chart.js/-/chart.js-4.0.1.tgz",
      "integrity": "sha512-5/8/9eBivwBZK81mKvmIwTb2Pmw4D/5h1RK9fBWZLLZ8mCJ+kfYNmV9rMrGoa5Hgy2/wVDBMLSUDudul2/9ihA==",
      "engines": {
        "pnpm": "^7.0.0"
      }
    },
    "node_modules/zingchart": {
      "version": "2.9.10",
      "resolved": "https://registry.npmjs.org/zingchart/-/zingchart-2.9.10.tgz",
      "integrity": "sha512-7VOdBwCu+fs2smplzcHEXUlKeQDE2HZfwsFMDU11GoAHZtFkc1x9cTJEYYlXjNN2WlJG1GAV8L5rnvYag4ed8g=="
    }
  },
  "dependencies": {
    "chart.js": {
      "version": "4.0.1",
      "resolved": "https://registry.npmjs.org/chart.js/-/chart.js-4.0.1.tgz",
      "integrity": "sha512-5/8/9eBivwBZK81mKvmIwTb2Pmw4D/5h1RK9fBWZLLZ8mCJ+kfYNmV9rMrGoa5Hgy2/wVDBMLSUDudul2/9ihA=="
    },
    "zingchart": {
      "version": "2.9.10",
      "resolved": "https://registry.npmjs.org/zingchart/-/zingchart-2.9.10.tgz",
      "integrity": "sha512-7VOdBwCu+fs2smplzcHEXUlKeQDE2HZfwsFMDU11GoAHZtFkc1x9cTJEYYlXjNN2WlJG1GAV8L5rnvYag4ed8g=="
    }
  }
}
